{
  "requires": true,
  "lockfileVersion": 1,
  "dependencies": {
    "bootstrap-material-design": {
      "version": "4.0.0-beta.3",
      "resolved": "https://registry.npmjs.org/bootstrap-material-design/-/bootstrap-material-design-4.0.0-beta.3.tgz",
      "integrity": "sha512-qjSoskpUYIUEm2XMmVjFIq+mICW8t0mST09vCWLuA2L7F7zi3yBhUHjI8EDX7NWPJoP8ydy8/iGqE9Fl5KFY3A=="
    }
  }
}
